
Microsoft Visual Studio Solution File, Format Version 12.00
# Visual Studio Version 17
VisualStudioVersion = 17.13.35825.156 d17.13
MinimumVisualStudioVersion = 10.0.40219.1
Project("{FAE04EC0-301F-11D3-BF4B-00C04F79EFBC}") = "Flightmanagement", "Flightmanagement\Flightmanagement.csproj", "{665CCA12-51BD-4BD4-B0B0-AA0BCF19EDDA}"
EndProject
Global
	GlobalSection(SolutionConfigurationPlatforms) = preSolution
		Debug|Any CPU = Debug|Any CPU
		Release|Any CPU = Release|Any CPU
	EndGlobalSection
	GlobalSection(ProjectConfigurationPlatforms) = postSolution
		{665CCA12-51BD-4BD4-B0B0-AA0BCF19EDDA}.Debug|Any CPU.ActiveCfg = Debug|Any CPU
		{665CCA12-51BD-4BD4-B0B0-AA0BCF19EDDA}.Debug|Any CPU.Build.0 = Debug|Any CPU
		{665CCA12-51BD-4BD4-B0B0-AA0BCF19EDDA}.Release|Any CPU.ActiveCfg = Release|Any CPU
		{665CCA12-51BD-4BD4-B0B0-AA0BCF19EDDA}.Release|Any CPU.Build.0 = Release|Any CPU
	EndGlobalSection
	GlobalSection(SolutionProperties) = preSolution
		HideSolutionNode = FALSE
	EndGlobalSection
	GlobalSection(ExtensibilityGlobals) = postSolution
		SolutionGuid = {7440FE50-F9AF-4C40-9E16-00C299659842}
	EndGlobalSection
EndGlobal
